// !$*UTF8*$!
{
	archiveVersion = 1;
	classes = {
	};
	objectVersion = 50;
	objects = {

/* Begin PBXBuildFile section */
		30679156227B65300065EFF2 /* AppDelegate.swift in Sources */ = {isa = PBXBuildFile; fileRef = 30679155227B65300065EFF2 /* AppDelegate.swift */; };
		30679158227B65300065EFF2 /* ViewController.swift in Sources */ = {isa = PBXBuildFile; fileRef = 30679157227B65300065EFF2 /* ViewController.swift */; };
		3067915A227B65310065EFF2 /* Assets.xcassets in Resources */ = {isa = PBXBuildFile; fileRef = 30679159227B65310065EFF2 /* Assets.xcassets */; };
		3067915D227B65310065EFF2 /* Main.storyboard in Resources */ = {isa = PBXBuildFile; fileRef = 3067915B227B65310065EFF2 /* Main.storyboard */; };
		30679169227B65310065EFF2 /* PhysicsProgrammaticTests.swift in Sources */ = {isa = PBXBuildFile; fileRef = 30679168227B65310065EFF2 /* PhysicsProgrammaticTests.swift */; };
		30679174227B65310065EFF2 /* PhysicsProgrammaticUITests.swift in Sources */ = {isa = PBXBuildFile; fileRef = 30679173227B65310065EFF2 /* PhysicsProgrammaticUITests.swift */; };
/* End PBXBuildFile section */

/* Begin PBXContainerItemProxy section */
		30679165227B65310065EFF2 /* PBXContainerItemProxy */ = {
			isa = PBXContainerItemProxy;
			containerPortal = 3067914A227B65300065EFF2 /* Project object */;
			proxyType = 1;
			remoteGlobalIDString = 30679151227B65300065EFF2;
			remoteInfo = PhysicsProgrammatic;
		};
		30679170227B65310065EFF2 /* PBXContainerItemProxy */ = {
			isa = PBXContainerItemProxy;
			containerPortal = 3067914A227B65300065EFF2 /* Project object */;
			proxyType = 1;
			remoteGlobalIDString = 30679151227B65300065EFF2;
			remoteInfo = PhysicsProgrammatic;
		};
/* End PBXContainerItemProxy section */

/* Begin PBXFileReference section */
		30679152227B65300065EFF2 /* PhysicsProgrammatic.app */ = {isa = PBXFileReference; explicitFileType = wrapper.application; includeInIndex = 0; path = PhysicsProgrammatic.app; sourceTree = BUILT_PRODUCTS_DIR; };
		30679155227B65300065EFF2 /* AppDelegate.swift */ = {isa = PBXFileReference; lastKnownFileType = sourcecode.swift; path = AppDelegate.swift; sourceTree = "<group>"; };
		30679157227B65300065EFF2 /* ViewController.swift */ = {isa = PBXFileReference; lastKnownFileType = sourcecode.swift; path = ViewController.swift; sourceTree = "<group>"; };
		30679159227B65310065EFF2 /* Assets.xcassets */ = {isa = PBXFileReference; lastKnownFileType = folder.assetcatalog; path = Assets.xcassets; sourceTree = "<group>"; };
		3067915C227B65310065EFF2 /* Base */ = {isa = PBXFileReference; lastKnownFileType = file.storyboard; name = Base; path = Base.lproj/Main.storyboard; sourceTree = "<group>"; };
		3067915E227B65310065EFF2 /* Info.plist */ = {isa = PBXFileReference; lastKnownFileType = text.plist.xml; path = Info.plist; sourceTree = "<group>"; };
		3067915F227B65310065EFF2 /* PhysicsProgrammatic.entitlements */ = {isa = PBXFileReference; lastKnownFileType = text.plist.entitlements; path = PhysicsProgrammatic.entitlements; sourceTree = "<group>"; };
		30679164227B65310065EFF2 /* PhysicsProgrammaticTests.xctest */ = {isa = PBXFileReference; explicitFileType = wrapper.cfbundle; includeInIndex = 0; path = PhysicsProgrammaticTests.xctest; sourceTree = BUILT_PRODUCTS_DIR; };
		30679168227B65310065EFF2 /* PhysicsProgrammaticTests.swift */ = {isa = PBXFileReference; lastKnownFileType = sourcecode.swift; path = PhysicsProgrammaticTests.swift; sourceTree = "<group>"; };
		3067916A227B65310065EFF2 /* Info.plist */ = {isa = PBXFileReference; lastKnownFileType = text.plist.xml; path = Info.plist; sourceTree = "<group>"; };
		3067916F227B65310065EFF2 /* PhysicsProgrammaticUITests.xctest */ = {isa = PBXFileReference; explicitFileType = wrapper.cfbundle; includeInIndex = 0; path = PhysicsProgrammaticUITests.xctest; sourceTree = BUILT_PRODUCTS_DIR; };
		30679173227B65310065EFF2 /* PhysicsProgrammaticUITests.swift */ = {isa = PBXFileReference; lastKnownFileType = sourcecode.swift; path = PhysicsProgrammaticUITests.swift; sourceTree = "<group>"; };
		30679175227B65310065EFF2 /* Info.plist */ = {isa = PBXFileReference; lastKnownFileType = text.plist.xml; path = Info.plist; sourceTree = "<group>"; };
/* End PBXFileReference section */

/* Begin PBXFrameworksBuildPhase section */
		3067914F227B65300065EFF2 /* Frameworks */ = {
			isa = PBXFrameworksBuildPhase;
			buildActionMask = 2147483647;
			files = (
			);
			runOnlyForDeploymentPostprocessing = 0;
		};
		30679161227B65310065EFF2 /* Frameworks */ = {
			isa = PBXFrameworksBuildPhase;
			buildActionMask = 2147483647;
			files = (
			);
			runOnlyForDeploymentPostprocessing = 0;
		};
		3067916C227B65310065EFF2 /* Frameworks */ = {
			isa = PBXFrameworksBuildPhase;
			buildActionMask = 2147483647;
			files = (
			);
			runOnlyForDeploymentPostprocessing = 0;
		};
/* End PBXFrameworksBuildPhase section */

/* Begin PBXGroup section */
		30679149227B65300065EFF2 = {
			isa = PBXGroup;
			children = (
				30679154227B65300065EFF2 /* PhysicsProgrammatic */,
				30679167227B65310065EFF2 /* PhysicsProgrammaticTests */,
				30679172227B65310065EFF2 /* PhysicsProgrammaticUITests */,
				30679153227B65300065EFF2 /* Products */,
			);
			sourceTree = "<group>";
		};
		30679153227B65300065EFF2 /* Products */ = {
			isa = PBXGroup;
			children = (
				30679152227B65300065EFF2 /* PhysicsProgrammatic.app */,
				30679164227B65310065EFF2 /* PhysicsProgrammaticTests.xctest */,
				3067916F227B65310065EFF2 /* PhysicsProgrammaticUITests.xctest */,
			);
			name = Products;
			sourceTree = "<group>";
		};
		30679154227B65300065EFF2 /* PhysicsProgrammatic */ = {
			isa = PBXGroup;
			children = (
				30679155227B65300065EFF2 /* AppDelegate.swift */,
				30679157227B65300065EFF2 /* ViewController.swift */,
				30679159227B65310065EFF2 /* Assets.xcassets */,
				3067915B227B65310065EFF2 /* Main.storyboard */,
				3067915E227B65310065EFF2 /* Info.plist */,
				3067915F227B65310065EFF2 /* PhysicsProgrammatic.entitlements */,
			);
			path = PhysicsProgrammatic;
			sourceTree = "<group>";
		};
		30679167227B65310065EFF2 /* PhysicsProgrammaticTests */ = {
			isa = PBXGroup;
			children = (
				30679168227B65310065EFF2 /* PhysicsProgrammaticTests.swift */,
				3067916A227B65310065EFF2 /* Info.plist */,
			);
			path = PhysicsProgrammaticTests;
			sourceTree = "<group>";
		};
		30679172227B65310065EFF2 /* PhysicsProgrammaticUITests */ = {
			isa = PBXGroup;
			children = (
				30679173227B65310065EFF2 /* PhysicsProgrammaticUITests.swift */,
				30679175227B65310065EFF2 /* Info.plist */,
			);
			path = PhysicsProgrammaticUITests;
			sourceTree = "<group>";
		};
/* End PBXGroup section */

/* Begin PBXNativeTarget section */
		30679151227B65300065EFF2 /* PhysicsProgrammatic */ = {
			isa = PBXNativeTarget;
			buildConfigurationList = 30679178227B65310065EFF2 /* Build configuration list for PBXNativeTarget "PhysicsProgrammatic" */;
			buildPhases = (
				3067914E227B65300065EFF2 /* Sources */,
				3067914F227B65300065EFF2 /* Frameworks */,
				30679150227B65300065EFF2 /* Resources */,
			);
			buildRules = (
			);
			dependencies = (
			);
			name = PhysicsProgrammatic;
			productName = PhysicsProgrammatic;
			productReference = 30679152227B65300065EFF2 /* PhysicsProgrammatic.app */;
			productType = "com.apple.product-type.application";
		};
		30679163227B65310065EFF2 /* PhysicsProgrammaticTests */ = {
			isa = PBXNativeTarget;
			buildConfigurationList = 3067917B227B65310065EFF2 /* Build configuration list for PBXNativeTarget "PhysicsProgrammaticTests" */;
			buildPhases = (
				30679160227B65310065EFF2 /* Sources */,
				30679161227B65310065EFF2 /* Frameworks */,
				30679162227B65310065EFF2 /* Resources */,
			);
			buildRules = (
			);
			dependencies = (
				30679166227B65310065EFF2 /* PBXTargetDependency */,
			);
			name = PhysicsProgrammaticTests;
			productName = PhysicsProgrammaticTests;
			productReference = 30679164227B65310065EFF2 /* PhysicsProgrammaticTests.xctest */;
			productType = "com.apple.product-type.bundle.unit-test";
		};
		3067916E227B65310065EFF2 /* PhysicsProgrammaticUITests */ = {
			isa = PBXNativeTarget;
			buildConfigurationList = 3067917E227B65310065EFF2 /* Build configuration list for PBXNativeTarget "PhysicsProgrammaticUITests" */;
			buildPhases = (
				3067916B227B65310065EFF2 /* Sources */,
				3067916C227B65310065EFF2 /* Frameworks */,
				3067916D227B65310065EFF2 /* Resources */,
			);
			buildRules = (
			);
			dependencies = (
				30679171227B65310065EFF2 /* PBXTargetDependency */,
			);
			name = PhysicsProgrammaticUITests;
			productName = PhysicsProgrammaticUITests;
			productReference = 3067916F227B65310065EFF2 /* PhysicsProgrammaticUITests.xctest */;
			productType = "com.apple.product-type.bundle.ui-testing";
		};
/* End PBXNativeTarget section */

/* Begin PBXProject section */
		3067914A227B65300065EFF2 /* Project object */ = {
			isa = PBXProject;
			attributes = {
				LastSwiftUpdateCheck = 1020;
				LastUpgradeCheck = 1020;
				ORGANIZATIONNAME = "Noah Pikielny";
				TargetAttributes = {
					30679151227B65300065EFF2 = {
						CreatedOnToolsVersion = 10.2;
					};
					30679163227B65310065EFF2 = {
						CreatedOnToolsVersion = 10.2;
						TestTargetID = 30679151227B65300065EFF2;
					};
					3067916E227B65310065EFF2 = {
						CreatedOnToolsVersion = 10.2;
						TestTargetID = 30679151227B65300065EFF2;
					};
				};
			};
			buildConfigurationList = 3067914D227B65300065EFF2 /* Build configuration list for PBXProject "PhysicsProgrammatic" */;
			compatibilityVersion = "Xcode 9.3";
			developmentRegion = en;
			hasScannedForEncodings = 0;
			knownRegions = (
				en,
				Base,
			);
			mainGroup = 30679149227B65300065EFF2;
			productRefGroup = 30679153227B65300065EFF2 /* Products */;
			projectDirPath = "";
			projectRoot = "";
			targets = (
				30679151227B65300065EFF2 /* PhysicsProgrammatic */,
				30679163227B65310065EFF2 /* PhysicsProgrammaticTests */,
				3067916E227B65310065EFF2 /* PhysicsProgrammaticUITests */,
			);
		};
/* End PBXProject section */

/* Begin PBXResourcesBuildPhase section */
		30679150227B65300065EFF2 /* Resources */ = {
			isa = PBXResourcesBuildPhase;
			buildActionMask = 2147483647;
			files = (
				3067915A227B65310065EFF2 /* Assets.xcassets in Resources */,
				3067915D227B65310065EFF2 /* Main.storyboard in Resources */,
			);
			runOnlyForDeploymentPostprocessing = 0;
		};
		30679162227B65310065EFF2 /* Resources */ = {
			isa = PBXResourcesBuildPhase;
			buildActionMask = 2147483647;
			files = (
			);
			runOnlyForDeploymentPostprocessing = 0;
		};
		3067916D227B65310065EFF2 /* Resources */ = {
			isa = PBXResourcesBuildPhase;
			buildActionMask = 2147483647;
			files = (
			);
			runOnlyForDeploymentPostprocessing = 0;
		};
/* End PBXResourcesBuildPhase section */

/* Begin PBXSourcesBuildPhase section */
		3067914E227B65300065EFF2 /* Sources */ = {
			isa = PBXSourcesBuildPhase;
			buildActionMask = 2147483647;
			files = (
				30679158227B65300065EFF2 /* ViewController.swift in Sources */,
				30679156227B65300065EFF2 /* AppDelegate.swift in Sources */,
			);
			runOnlyForDeploymentPostprocessing = 0;
		};
		30679160227B65310065EFF2 /* Sources */ = {
			isa = PBXSourcesBuildPhase;
			buildActionMask = 2147483647;
			files = (
				30679169227B65310065EFF2 /* PhysicsProgrammaticTests.swift in Sources */,
			);
			runOnlyForDeploymentPostprocessing = 0;
		};
		3067916B227B65310065EFF2 /* Sources */ = {
			isa = PBXSourcesBuildPhase;
			buildActionMask = 2147483647;
			files = (
				30679174227B65310065EFF2 /* PhysicsProgrammaticUITests.swift in Sources */,
			);
			runOnlyForDeploymentPostprocessing = 0;
		};
/* End PBXSourcesBuildPhase section */

/* Begin PBXTargetDependency section */
		30679166227B65310065EFF2 /* PBXTargetDependency */ = {
			isa = PBXTargetDependency;
			target = 30679151227B65300065EFF2 /* PhysicsProgrammatic */;
			targetProxy = 30679165227B65310065EFF2 /* PBXContainerItemProxy */;
		};
		30679171227B65310065EFF2 /* PBXTargetDependency */ = {
			isa = PBXTargetDependency;
			target = 30679151227B65300065EFF2 /* PhysicsProgrammatic */;
			targetProxy = 30679170227B65310065EFF2 /* PBXContainerItemProxy */;
		};
/* End PBXTargetDependency section */

/* Begin PBXVariantGroup section */
		3067915B227B65310065EFF2 /* Main.storyboard */ = {
			isa = PBXVariantGroup;
			children = (
				3067915C227B65310065EFF2 /* Base */,
			);
			name = Main.storyboard;
			sourceTree = "<group>";
		};
/* End PBXVariantGroup section */

/* Begin XCBuildConfiguration section */
		30679176227B65310065EFF2 /* Debug */ = {
			isa = XCBuildConfiguration;
			buildSettings = {
				ALWAYS_SEARCH_USER_PATHS = NO;
				CLANG_ANALYZER_NONNULL = YES;
				CLANG_ANALYZER_NUMBER_OBJECT_CONVERSION = YES_AGGRESSIVE;
				CLANG_CXX_LANGUAGE_STANDARD = "gnu++14";
				CLANG_CXX_LIBRARY = "libc++";
				CLANG_ENABLE_MODULES = YES;
				CLANG_ENABLE_OBJC_ARC = YES;
				CLANG_ENABLE_OBJC_WEAK = YES;
				CLANG_WARN_BLOCK_CAPTURE_AUTORELEASING = YES;
				CLANG_WARN_BOOL_CONVERSION = YES;
				CLANG_WARN_COMMA = YES;
				CLANG_WARN_CONSTANT_CONVERSION = YES;
				CLANG_WARN_DEPRECATED_OBJC_IMPLEMENTATIONS = YES;
				CLANG_WARN_DIRECT_OBJC_ISA_USAGE = YES_ERROR;
				CLANG_WARN_DOCUMENTATION_COMMENTS = YES;
				CLANG_WARN_EMPTY_BODY = YES;
				CLANG_WARN_ENUM_CONVERSION = YES;
				CLANG_WARN_INFINITE_RECURSION = YES;
				CLANG_WARN_INT_CONVERSION = YES;
				CLANG_WARN_NON_LITERAL_NULL_CONVERSION = YES;
				CLANG_WARN_OBJC_IMPLICIT_RETAIN_SELF = YES;
				CLANG_WARN_OBJC_LITERAL_CONVERSION = YES;
				CLANG_WARN_OBJC_ROOT_CLASS = YES_ERROR;
				CLANG_WARN_RANGE_LOOP_ANALYSIS = YES;
				CLANG_WARN_STRICT_PROTOTYPES = YES;
				CLANG_WARN_SUSPICIOUS_MOVE = YES;
				CLANG_WARN_UNGUARDED_AVAILABILITY = YES_AGGRESSIVE;
				CLANG_WARN_UNREACHABLE_CODE = YES;
				CLANG_WARN__DUPLICATE_METHOD_MATCH = YES;
				CODE_SIGN_IDENTITY = "Mac Developer";
				COPY_PHASE_STRIP = NO;
				DEBUG_INFORMATION_FORMAT = dwarf;
				ENABLE_STRICT_OBJC_MSGSEND = YES;
				ENABLE_TESTABILITY = YES;
				GCC_C_LANGUAGE_STANDARD = gnu11;
				GCC_DYNAMIC_NO_PIC = NO;
				GCC_NO_COMMON_BLOCKS = YES;
				GCC_OPTIMIZATION_LEVEL = 0;
				GCC_PREPROCESSOR_DEFINITIONS = (
					"DEBUG=1",
					"$(inherited)",
				);
				GCC_WARN_64_TO_32_BIT_CONVERSION = YES;
				GCC_WARN_ABOUT_RETURN_TYPE = YES_ERROR;
				GCC_WARN_UNDECLARED_SELECTOR = YES;
				GCC_WARN_UNINITIALIZED_AUTOS = YES_AGGRESSIVE;
				GCC_WARN_UNUSED_FUNCTION = YES;
				GCC_WARN_UNUSED_VARIABLE = YES;
				MACOSX_DEPLOYMENT_TARGET = 10.14;
				MTL_ENABLE_DEBUG_INFO = INCLUDE_SOURCE;
				MTL_FAST_MATH = YES;
				ONLY_ACTIVE_ARCH = YES;
				SDKROOT = macosx;
				SWIFT_ACTIVE_COMPILATION_CONDITIONS = DEBUG;
				SWIFT_OPTIMIZATION_LEVEL = "-Onone";
			};
			name = Debug;
		};
		30679177227B65310065EFF2 /* Release */ = {
			isa = XCBuildConfiguration;
			buildSettings = {
				ALWAYS_SEARCH_USER_PATHS = NO;
				CLANG_ANALYZER_NONNULL = YES;
				CLANG_ANALYZER_NUMBER_OBJECT_CONVERSION = YES_AGGRESSIVE;
				CLANG_CXX_LANGUAGE_STANDARD = "gnu++14";
				CLANG_CXX_LIBRARY = "libc++";
				CLANG_ENABLE_MODULES = YES;
				CLANG_ENABLE_OBJC_ARC = YES;
				CLANG_ENABLE_OBJC_WEAK = YES;
				CLANG_WARN_BLOCK_CAPTURE_AUTORELEASING = YES;
				CLANG_WARN_BOOL_CONVERSION = YES;
				CLANG_WARN_COMMA = YES;
				CLANG_WARN_CONSTANT_CONVERSION = YES;
				CLANG_WARN_DEPRECATED_OBJC_IMPLEMENTATIONS = YES;
				CLANG_WARN_DIRECT_OBJC_ISA_USAGE = YES_ERROR;
				CLANG_WARN_DOCUMENTATION_COMMENTS = YES;
				CLANG_WARN_EMPTY_BODY = YES;
				CLANG_WARN_ENUM_CONVERSION = YES;
				CLANG_WARN_INFINITE_RECURSION = YES;
				CLANG_WARN_INT_CONVERSION = YES;
				CLANG_WARN_NON_LITERAL_NULL_CONVERSION = YES;
				CLANG_WARN_OBJC_IMPLICIT_RETAIN_SELF = YES;
				CLANG_WARN_OBJC_LITERAL_CONVERSION = YES;
				CLANG_WARN_OBJC_ROOT_CLASS = YES_ERROR;
				CLANG_WARN_RANGE_LOOP_ANALYSIS = YES;
				CLANG_WARN_STRICT_PROTOTYPES = YES;
				CLANG_WARN_SUSPICIOUS_MOVE = YES;
				CLANG_WARN_UNGUARDED_AVAILABILITY = YES_AGGRESSIVE;
				CLANG_WARN_UNREACHABLE_CODE = YES;
				CLANG_WARN__DUPLICATE_METHOD_MATCH = YES;
				CODE_SIGN_IDENTITY = "Mac Developer";
				COPY_PHASE_STRIP = NO;
				DEBUG_INFORMATION_FORMAT = "dwarf-with-dsym";
				ENABLE_NS_ASSERTIONS = NO;
				ENABLE_STRICT_OBJC_MSGSEND = YES;
				GCC_C_LANGUAGE_STANDARD = gnu11;
				GCC_NO_COMMON_BLOCKS = YES;
				GCC_WARN_64_TO_32_BIT_CONVERSION = YES;
				GCC_WARN_ABOUT_RETURN_TYPE = YES_ERROR;
				GCC_WARN_UNDECLARED_SELECTOR = YES;
				GCC_WARN_UNINITIALIZED_AUTOS = YES_AGGRESSIVE;
				GCC_WARN_UNUSED_FUNCTION = YES;
				GCC_WARN_UNUSED_VARIABLE = YES;
				MACOSX_DEPLOYMENT_TARGET = 10.14;
				MTL_ENABLE_DEBUG_INFO = NO;
				MTL_FAST_MATH = YES;
				SDKROOT = macosx;
				SWIFT_COMPILATION_MODE = wholemodule;
				SWIFT_OPTIMIZATION_LEVEL = "-O";
			};
			name = Release;
		};
		30679179227B65310065EFF2 /* Debug */ = {
			isa = XCBuildConfiguration;
			buildSettings = {
				ASSETCATALOG_COMPILER_APPICON_NAME = AppIcon;
				CODE_SIGN_ENTITLEMENTS = PhysicsProgrammatic/PhysicsProgrammatic.entitlements;
				CODE_SIGN_STYLE = Automatic;
				COMBINE_HIDPI_IMAGES = YES;
				DEVELOPMENT_TEAM = 597PF7552F;
				INFOPLIST_FILE = PhysicsProgrammatic/Info.plist;
				LD_RUNPATH_SEARCH_PATHS = (
					"$(inherited)",
					"@executable_path/../Frameworks",
				);
				PRODUCT_BUNDLE_IDENTIFIER = kelkamon.PhysicsProgrammatic;
				PRODUCT_NAME = "$(TARGET_NAME)";
				SWIFT_VERSION = 5.0;
			};
			name = Debug;
		};
		3067917A227B65310065EFF2 /* Release */ = {
			isa = XCBuildConfiguration;
			buildSettings = {
				ASSETCATALOG_COMPILER_APPICON_NAME = AppIcon;
				CODE_SIGN_ENTITLEMENTS = PhysicsProgrammatic/PhysicsProgrammatic.entitlements;
				CODE_SIGN_STYLE = Automatic;
				COMBINE_HIDPI_IMAGES = YES;
				DEVELOPMENT_TEAM = 597PF7552F;
				INFOPLIST_FILE = PhysicsProgrammatic/Info.plist;
				LD_RUNPATH_SEARCH_PATHS = (
					"$(inherited)",
					"@executable_path/../Frameworks",
				);
				PRODUCT_BUNDLE_IDENTIFIER = kelkamon.PhysicsProgrammatic;
				PRODUCT_NAME = "$(TARGET_NAME)";
				SWIFT_VERSION = 5.0;
			};
			name = Release;
		};
		3067917C227B65310065EFF2 /* Debug */ = {
			isa = XCBuildConfiguration;
			buildSettings = {
				ALWAYS_EMBED_SWIFT_STANDARD_LIBRARIES = YES;
				BUNDLE_LOADER = "$(TEST_HOST)";
				CODE_SIGN_STYLE = Automatic;
				COMBINE_HIDPI_IMAGES = YES;
				DEVELOPMENT_TEAM = 597PF7552F;
				INFOPLIST_FILE = PhysicsProgrammaticTests/Info.plist;
				LD_RUNPATH_SEARCH_PATHS = (
					"$(inherited)",
					"@executable_path/../Frameworks",
					"@loader_path/../Frameworks",
				);
				PRODUCT_BUNDLE_IDENTIFIER = kelkamon.PhysicsProgrammaticTests;
				PRODUCT_NAME = "$(TARGET_NAME)";
				SWIFT_VERSION = 5.0;
				TEST_HOST = "$(BUILT_PRODUCTS_DIR)/PhysicsProgrammatic.app/Contents/MacOS/PhysicsProgrammatic";
			};
			name = Debug;
		};
		3067917D227B65310065EFF2 /* Release */ = {
			isa = XCBuildConfiguration;
			buildSettings = {
				ALWAYS_EMBED_SWIFT_STANDARD_LIBRARIES = YES;
				BUNDLE_LOADER = "$(TEST_HOST)";
				CODE_SIGN_STYLE = Automatic;
				COMBINE_HIDPI_IMAGES = YES;
				DEVELOPMENT_TEAM = 597PF7552F;
				INFOPLIST_FILE = PhysicsProgrammaticTests/Info.plist;
				LD_RUNPATH_SEARCH_PATHS = (
					"$(inherited)",
					"@executable_path/../Frameworks",
					"@loader_path/../Frameworks",
				);
				PRODUCT_BUNDLE_IDENTIFIER = kelkamon.PhysicsProgrammaticTests;
				PRODUCT_NAME = "$(TARGET_NAME)";
				SWIFT_VERSION = 5.0;
				TEST_HOST = "$(BUILT_PRODUCTS_DIR)/PhysicsProgrammatic.app/Contents/MacOS/PhysicsProgrammatic";
			};
			name = Release;
		};
		3067917F227B65310065EFF2 /* Debug */ = {
			isa = XCBuildConfiguration;
			buildSettings = {
				ALWAYS_EMBED_SWIFT_STANDARD_LIBRARIES = YES;
				CODE_SIGN_STYLE = Automatic;
				COMBINE_HIDPI_IMAGES = YES;
				DEVELOPMENT_TEAM = 597PF7552F;
				INFOPLIST_FILE = PhysicsProgrammaticUITests/Info.plist;
				LD_RUNPATH_SEARCH_PATHS = (
					"$(inherited)",
					"@executable_path/../Frameworks",
					"@loader_path/../Frameworks",
				);
				PRODUCT_BUNDLE_IDENTIFIER = kelkamon.PhysicsProgrammaticUITests;
				PRODUCT_NAME = "$(TARGET_NAME)";
				SWIFT_VERSION = 5.0;
				TEST_TARGET_NAME = PhysicsProgrammatic;
			};
			name = Debug;
		};
		30679180227B65310065EFF2 /* Release */ = {
			isa = XCBuildConfiguration;
			buildSettings = {
				ALWAYS_EMBED_SWIFT_STANDARD_LIBRARIES = YES;
				CODE_SIGN_STYLE = Automatic;
				COMBINE_HIDPI_IMAGES = YES;
				DEVELOPMENT_TEAM = 597PF7552F;
				INFOPLIST_FILE = PhysicsProgrammaticUITests/Info.plist;
				LD_RUNPATH_SEARCH_PATHS = (
					"$(inherited)",
					"@executable_path/../Frameworks",
					"@loader_path/../Frameworks",
				);
				PRODUCT_BUNDLE_IDENTIFIER = kelkamon.PhysicsProgrammaticUITests;
				PRODUCT_NAME = "$(TARGET_NAME)";
				SWIFT_VERSION = 5.0;
				TEST_TARGET_NAME = PhysicsProgrammatic;
			};
			name = Release;
		};
/* End XCBuildConfiguration section */

/* Begin XCConfigurationList section */
		3067914D227B65300065EFF2 /* Build configuration list for PBXProject "PhysicsProgrammatic" */ = {
			isa = XCConfigurationList;
			buildConfigurations = (
				30679176227B65310065EFF2 /* Debug */,
				30679177227B65310065EFF2 /* Release */,
			);
			defaultConfigurationIsVisible = 0;
			defaultConfigurationName = Release;
		};
		30679178227B65310065EFF2 /* Build configuration list for PBXNativeTarget "PhysicsProgrammatic" */ = {
			isa = XCConfigurationList;
			buildConfigurations = (
				30679179227B65310065EFF2 /* Debug */,
				3067917A227B65310065EFF2 /* Release */,
			);
			defaultConfigurationIsVisible = 0;
			defaultConfigurationName = Release;
		};
		3067917B227B65310065EFF2 /* Build configuration list for PBXNativeTarget "PhysicsProgrammaticTests" */ = {
			isa = XCConfigurationList;
			buildConfigurations = (
				3067917C227B65310065EFF2 /* Debug */,
				3067917D227B65310065EFF2 /* Release */,
			);
			defaultConfigurationIsVisible = 0;
			defaultConfigurationName = Release;
		};
		3067917E227B65310065EFF2 /* Build configuration list for PBXNativeTarget "PhysicsProgrammaticUITests" */ = {
			isa = XCConfigurationList;
			buildConfigurations = (
				3067917F227B65310065EFF2 /* Debug */,
				30679180227B65310065EFF2 /* Release */,
			);
			defaultConfigurationIsVisible = 0;
			defaultConfigurationName = Release;
		};
/* End XCConfigurationList section */
	};
	rootObject = 3067914A227B65300065EFF2 /* Project object */;
}
